
Microsoft Visual Studio Solution File, Format Version 12.00
# Visual Studio Version 16
VisualStudioVersion = 16.0.30804.86
MinimumVisualStudioVersion = 10.0.40219.1
Project("{FAE04EC0-301F-11D3-BF4B-00C04F79EFBC}") = "BackendAPI", "BackendAPI\BackendAPI.csproj", "{1C83D6C9-1E6A-4BB7-A3AF-0757A681D31A}"
EndProject
Global
	GlobalSection(SolutionConfigurationPlatforms) = preSolution
		Debug|Any CPU = Debug|Any CPU
		Release|Any CPU = Release|Any CPU
	EndGlobalSection
	GlobalSection(ProjectConfigurationPlatforms) = postSolution
		{1C83D6C9-1E6A-4BB7-A3AF-0757A681D31A}.Debug|Any CPU.ActiveCfg = Debug|Any CPU
		{1C83D6C9-1E6A-4BB7-A3AF-0757A681D31A}.Debug|Any CPU.Build.0 = Debug|Any CPU
		{1C83D6C9-1E6A-4BB7-A3AF-0757A681D31A}.Release|Any CPU.ActiveCfg = Release|Any CPU
		{1C83D6C9-1E6A-4BB7-A3AF-0757A681D31A}.Release|Any CPU.Build.0 = Release|Any CPU
	EndGlobalSection
	GlobalSection(SolutionProperties) = preSolution
		HideSolutionNode = FALSE
	EndGlobalSection
	GlobalSection(ExtensibilityGlobals) = postSolution
		SolutionGuid = {14F11C45-C88C-44AD-A50C-9FCE765B99C1}
	EndGlobalSection
EndGlobal
